
Microsoft Visual Studio Solution File, Format Version 12.00
# Visual Studio Version 17
VisualStudioVersion = 17.0.32112.339
MinimumVisualStudioVersion = 10.0.40219.1
Project("{FAE04EC0-301F-11D3-BF4B-00C04F79EFBC}") = "Estructura de datos", "Estructura de datos\Estructura de datos.csproj", "{F1318226-5828-458F-BF37-32CDAA947D46}"
EndProject
Global
	GlobalSection(SolutionConfigurationPlatforms) = preSolution
		Debug|Any CPU = Debug|Any CPU
		Release|Any CPU = Release|Any CPU
	EndGlobalSection
	GlobalSection(ProjectConfigurationPlatforms) = postSolution
		{F1318226-5828-458F-BF37-32CDAA947D46}.Debug|Any CPU.ActiveCfg = Debug|Any CPU
		{F1318226-5828-458F-BF37-32CDAA947D46}.Debug|Any CPU.Build.0 = Debug|Any CPU
		{F1318226-5828-458F-BF37-32CDAA947D46}.Release|Any CPU.ActiveCfg = Release|Any CPU
		{F1318226-5828-458F-BF37-32CDAA947D46}.Release|Any CPU.Build.0 = Release|Any CPU
	EndGlobalSection
	GlobalSection(SolutionProperties) = preSolution
		HideSolutionNode = FALSE
	EndGlobalSection
	GlobalSection(ExtensibilityGlobals) = postSolution
		SolutionGuid = {6617E610-902E-4579-A57B-33573526B470}
	EndGlobalSection
EndGlobal
